{
  "version": 1,
  "dependencies": {
    "net10.0-desktop1.0": {
      "Microsoft.Extensions.Logging.Console": {
        "type": "Direct",
        "requested": "[10.0.10, )",
        "resolved": "10.0.10",
        "contentHash": "VIlNzPwPS0GeQVSmCqqo36ugryX3LpE9ul6gEkks5VLET3weH/XMLeWmclwfoGn4Nxi2mwVibB+OZBVJ9tDqvg==",
        "dependencies": {
          "Microsoft.Extensions.DependencyInjection.Abstractions": "10.0.10",
          "Microsoft.Extensions.Logging": "10.0.10",
          "Microsoft.Extensions.Logging.Abstractions": "10.0.10",
          "Microsoft.Extensions.Logging.Configuration": "10.0.10",
          "Microsoft.Extensions.Options": "10.0.10"
        }
      },
      "SkiaSharp.NativeAssets.Linux": {
        "type": "Direct",
        "requested": "[3.119.2, )",
        "resolved": "3.119.2",
        "contentHash": "9WzxSyG/s9Id506j0Ht+Bi5ucOpWKPzd1XXr9TD4fuCafHHy2swRSlbZtC3IDQAsvCH63OerkDJajj43uSv5og=="
      },
      "SkiaSharp.Skottie": {
        "type": "Direct",
        "requested": "[3.119.2, )",
        "resolved": "3.119.2",
        "contentHash": "fcI/yU302GxTrkgaqI914fp8wvrasHMEfYir6kU7ATr6RQx0Cf1vTaTZDuV18OeaqLPQJ75Y/HsMktnMY2N+lg==",
        "dependencies": {
          "SkiaSharp": "3.119.2",
          "SkiaSharp.Resources": "3.119.2",
          "SkiaSharp.SceneGraph": "3.119.2"
        }
      },
      "SkiaSharp.Views.Uno.WinUI": {
        "type": "Direct",
        "requested": "[3.119.2, )",
        "resolved": "3.119.2",
        "contentHash": "hkKtnfEcGZfEL1YUeshuwGbQnGbbHuxKH0Y7hfC2N5z1TWRpALPr0TPF2v/hD4/MDg57dIeYPsKaDr8PqzWBSQ==",
        "dependencies": {
          "SkiaSharp": "3.119.2",
          "SkiaSharp.NativeAssets.WebAssembly": "3.119.2",
          "Uno.WinUI": "5.2.175"
        }
      },
      "Uno.Fonts.OpenSans": {
        "type": "Direct",
        "requested": "[2.8.1, )",
        "resolved": "2.8.1",
        "contentHash": "cTxxScCHdbXY6ZhAbtXxsRVvJZdD9NuJAQua4DJ2u4JxvD48LuhGLHVMv28wPFIswn1EwxFPLE0VUZ3jqCNc0w=="
      },
      "Uno.Sdk.Extras": {
        "type": "Direct",
        "requested": "[6.3.1, )",
        "resolved": "6.3.1",
        "contentHash": "6vZf75nmSiYy+c5DFzWzL+41Qvg0cw1e8cD0w0NxW/AQpEXJBhb4X9S5AqVI5bCpnBKFg0Tthd7Kb0Z27pEWZg=="
      },
      "Uno.Settings.DevServer": {
        "type": "Direct",
        "requested": "[1.7.6, )",
        "resolved": "1.7.6",
        "contentHash": "KNp57yLEs4tCweX3WljNy25jJKqE6nOdirnYwE9j2LxO2objiwXfBXkkktjQ7eCwJJqDzAvp2eAhDo6zi+vaeQ=="
      },
      "Uno.UI.Adapter.Microsoft.Extensions.Logging": {
        "type": "Direct",
        "requested": "[6.6.184, )",
        "resolved": "6.6.184",
        "contentHash": "bw1fTUHf9ocNq4S3T56WH6I4+elA5ZIqGIKMmu/+kIyHIeAr1XnArftVMYcQgbW5oOHXtypbs54R2Ig5Q+tHaA==",
        "dependencies": {
          "Uno.Core.Extensions.Logging": "4.0.1",
          "Uno.Core.Extensions.Logging.Singleton": "4.0.1",
          "Uno.Foundation.Logging": "6.6.184"
        }
      },
      "Uno.UI.App.Mcp": {
        "type": "Direct",
        "requested": "[1.2.44, )",
        "resolved": "1.2.44",
        "contentHash": "Gs+x+DxilQ4ike0VFJ1r8GAwXCO0Kjfrymzx/8uENd0R/l1AiHUcS3zbtBJKgl/VF/5WncrsuE3e46Jf7ELf5Q==",
        "dependencies": {
          "SkiaSharp": "3.119.0"
        }
      },
      "Uno.UI.HotDesign": {
        "type": "Direct",
        "requested": "[1.19.179, )",
        "resolved": "1.19.179",
        "contentHash": "zbtyNMa9Q9cjf8s99vmBlmWm/Mq9sGj4nobVpR9FcfW/fqmte+X0DO2iCGz475zgSUfN1fAc10H4yiu16sw0kQ==",
        "dependencies": {
          "CommunityToolkit.Mvvm": "8.4.2",
          "Microsoft.Extensions.Logging": "9.0.14",
          "SkiaSharp.Views.Uno.WinUI": "3.119.2",
          "Uno.Core.Extensions.Logging.Singleton": "4.1.1",
          "Uno.Themes.WinUI": "7.0.3",
          "Uno.Toolkit.WinUI": "9.0.3",
          "Uno.WinUI": "6.6.184",
          "Uno.WinUI.DevServer": "6.6.184",
          "Uno.WinUI.DevServer.Messaging": "6.6.184",
          "Uno.WinUI.Lottie": "6.6.184"
        }
      },
      "Uno.WinUI": {
        "type": "Direct",
        "requested": "[6.6.184, )",
        "resolved": "6.6.184",
        "contentHash": "CxpkAUoSMpdMPtdpdSHQQiO64WuYIPnEfECHdH0uPv1QWCeiYlprYL24ZzYguhqtuzrz7MxfkvfX1hwG1/B9SQ==",
        "dependencies": {
          "Uno.Diagnostics.Eventing": "2.0.1",
          "Uno.Fonts.Fluent": "2.6.1",
          "Uno.Foundation.Logging": "6.6.184",
          "Uno.WinRT": "6.6.184"
        }
      },
      "Uno.WinUI.DevServer": {
        "type": "Direct",
        "requested": "[6.6.184, )",
        "resolved": "6.6.184",
        "contentHash": "9NKUNHJRUqMToCwSDZB2D5cVyGP8OApBIO53FGSd/4Zvkqgu9jZqeKjXYF9q8HH02JOp+fCo8RghfxOg1R0UBw==",
        "dependencies": {
          "Newtonsoft.Json": "13.0.3",
          "Uno.Wasm.WebSockets": "1.1.0",
          "Uno.WinUI": "6.6.184",
          "Uno.WinUI.DevServer.Messaging": "6.6.184"
        }
      },
      "Uno.WinUI.Graphics2DSK": {
        "type": "Direct",
        "requested": "[6.6.184, )",
        "resolved": "6.6.184",
        "contentHash": "ucXbSM3I41Td4OV7jInGo8D+HWSwfJXudwwTpOFhEAi5rDYmPdQExGctJsbsb4d5eSOEX3fPsVgGkOOFZHGUuA==",
        "dependencies": {
          "SkiaSharp": "3.119.0",
          "Uno.WinUI": "6.6.184"
        }
      },
      "Uno.WinUI.Lottie": {
        "type": "Direct",
        "requested": "[6.6.184, )",
        "resolved": "6.6.184",
        "contentHash": "PdJFPN+46T1RJL/Gw4nmjREoZYOEwTQKiu4oESnsXv2UNjp/4ow/OU8nbgysNDVp4Wm3oXatD2x6EWQSK4YA8g==",
        "dependencies": {
          "System.Json": "4.7.1",
          "Uno.WinUI": "6.6.184"
        }
      },
      "Uno.WinUI.MediaPlayer.Skia.Win32": {
        "type": "Direct",
        "requested": "[6.6.184, )",
        "resolved": "6.6.184",
        "contentHash": "b5kPdLcQcELfHk8e2vQvRqpW5RJNjuzApMFCXQc4mXCrvTuBDEyst/yeTaFEd9EhPkfpZ8+rD8viLkS5vTs/7g==",
        "dependencies": {
          "LibVLCSharp": "3.7.0",
          "Uno.Core.Extensions.Logging": "4.0.1",
          "Uno.Core.Extensions.Logging.Singleton": "4.0.1",
          "Uno.WinUI": "6.6.184",
          "Uno.WinUI.Runtime.Skia.Win32": "6.6.184"
        }
      },
      "Uno.WinUI.MediaPlayer.Skia.X11": {
        "type": "Direct",
        "requested": "[6.6.184, )",
        "resolved": "6.6.184",
        "contentHash": "j3qWPNJ2sASQql+gXDpFmwOYQdrmvVMHZDhb1NGW0r/o4vN73X/NY01T6g51rTgWAnrYXjGtCzrKKGz20uvJgw==",
        "dependencies": {
          "LibVLCSharp": "3.7.0",
          "Uno.Core.Extensions.Logging": "4.0.1",
          "Uno.Core.Extensions.Logging.Singleton": "4.0.1",
          "Uno.WinUI": "6.6.184",
          "Uno.WinUI.Runtime.Skia.X11": "6.6.184"
        }
      },
      "Uno.WinUI.Runtime.Skia.Linux.FrameBuffer": {
        "type": "Direct",
        "requested": "[6.6.184, )",
        "resolved": "6.6.184",
        "contentHash": "r5qXwWH/MgxYvfj0PlRus89TrMig1NQlQRPkTyT9YNPXGjFC3enymnq1ChxuNWc0kdrBYsidDKbRJqIGDi7pYA==",
        "dependencies": {
          "HarfBuzzSharp": "8.3.1.1",
          "HarfBuzzSharp.NativeAssets.Linux": "8.3.1.1",
          "SkiaSharp": "3.119.0",
          "SkiaSharp.NativeAssets.Linux": "3.119.0",
          "Uno.WinUI": "6.6.184",
          "Uno.WinUI.Runtime.Skia": "6.6.184"
        }
      },
      "Uno.WinUI.Runtime.Skia.MacOS": {
        "type": "Direct",
        "requested": "[6.6.184, )",
        "resolved": "6.6.184",
        "contentHash": "anNpMwITSrLqMEpN6UOaVI0ZK1O2Nzxqupem2S+mUIq17Q3Laug6AmKFJ7Sd7ZuuLqPw2aHDOHhUelm2EN03DA==",
        "dependencies": {
          "HarfBuzzSharp": "8.3.1.1",
          "HarfBuzzSharp.NativeAssets.macOS": "8.3.1.1",
          "SkiaSharp": "3.119.0",
          "SkiaSharp.NativeAssets.macos": "3.119.0",
          "Uno.WinUI": "6.6.184",
          "Uno.WinUI.Runtime.Skia": "6.6.184",
          "Uno.WinUI.Runtime.Skia.Linux.FrameBuffer": "6.6.184",
          "Uno.icu-macos": "77.2.1"
        }
      },
      "Uno.WinUI.Runtime.Skia.Win32": {
        "type": "Direct",
        "requested": "[6.6.184, )",
        "resolved": "6.6.184",
        "contentHash": "+bhLFYMsm/yTCYS2dHzzmg1JBaBSzol1/EfwcNkT4UztlQsvijZx8HGH75uSskGSzMGQGms6lrH21UE34t+vOA==",
        "dependencies": {
          "HarfBuzzSharp": "8.3.1.1",
          "Microsoft.Windows.CsWin32": "0.3.106",
          "Uno.WinUI": "6.6.184",
          "Uno.WinUI.Runtime.Skia": "6.6.184",
          "Uno.icu-win": "77.2.1"
        }
      },
      "Uno.WinUI.Runtime.Skia.X11": {
        "type": "Direct",
        "requested": "[6.6.184, )",
        "resolved": "6.6.184",
        "contentHash": "tULopUri2topGIZh6+opTof9nchm8TDdD3pPqLRPLrtEFx7xSC0DSq/3qF/FRhmi8THdT9gMnhPxqKFfiiiztg==",
        "dependencies": {
          "HarfBuzzSharp.NativeAssets.Linux": "8.3.1.1",
          "HarfbuzzSharp": "8.3.1.1",
          "LibVLCSharp": "3.7.0",
          "SkiaSharp": "3.119.0",
          "SkiaSharp.NativeAssets.Linux": "3.119.0",
          "Tmds.DBus.Generator": "0.92.0",
          "Tmds.DBus.Protocol": "0.92.0",
          "Uno.WinUI": "6.6.184",
          "Uno.WinUI.Runtime.Skia": "6.6.184"
        }
      },
      "VideoLAN.LibVLC.Windows": {
        "type": "Direct",
        "requested": "[3.0.23.1, )",
        "resolved": "3.0.23.1",
        "contentHash": "yTGNrzj+Q/t72VNKK0d64jZ+8BGu5Vcp2nxpZ2ll350LkRWKSwqShGpZWcVxXVP8TiMbeGML09+Jzz3hNsIcqA=="
      },
      "CommonServiceLocator": {
        "type": "Transitive",
        "resolved": "2.0.5",
        "contentHash": "Md2q9f6hAuUAm6IWTybQbYvxhDAs2dqmsudVDghpg0Q+C0M2KkmiTDjeGx1PsYhnZPvp+hy1Cx99v0VPW9W6/g=="
      },
      "CommunityToolkit.Mvvm": {
        "type": "Transitive",
        "resolved": "8.4.2",
        "contentHash": "WadCzGEc2U+3e20avRLng4qNtt4zoOGWrdUISqJWrHe3/FSnrYjuM5Sb4yQb09LhkBXrrI4Zt3dLKgRMbItsrg=="
      },
      "HarfBuzzSharp": {
        "type": "Transitive",
        "resolved": "8.3.1.1",
        "contentHash": "tLZN66oe/uiRPTZfrCU4i8ScVGwqHNh5MHrXj0yVf4l7Mz0FhTGnQ71RGySROTmdognAs0JtluHkL41pIabWuQ==",
        "dependencies": {
          "HarfBuzzSharp.NativeAssets.Win32": "8.3.1.1",
          "HarfBuzzSharp.NativeAssets.macOS": "8.3.1.1"
        }
      },
      "HarfBuzzSharp.NativeAssets.Linux": {
        "type": "Transitive",
        "resolved": "8.3.1.1",
        "contentHash": "3EZ1mpIiKWRLL5hUYA82ZHteeDIVaEA/Z0rA/wU6tjx6crcAkJnBPwDXZugBSfo8+J3EznvRJf49uMsqYfKrHg=="
      },
      "HarfBuzzSharp.NativeAssets.macOS": {
        "type": "Transitive",
        "resolved": "8.3.1.1",
        "contentHash": "jbtCsgftcaFLCA13tVKo5iWdElJScrulLTKJre36O4YQTIlwDtPPqhRZNk+Y0vv4D1gxbscasGRucUDfS44ofQ=="
      },
      "HarfBuzzSharp.NativeAssets.Win32": {
        "type": "Transitive",
        "resolved": "8.3.1.1",
        "contentHash": "UsJtQsfAJoFDZrXc4hCUfRPMqccfKZ0iumJ/upcUjz/cmsTgVFGNEL5yaJWmkqsuFYdMWbj/En5/kS4PFl9hBA=="
      },
      "LibVLCSharp": {
        "type": "Transitive",
        "resolved": "3.7.0",
        "contentHash": "N9NV+BamKr+1YiRktX9JroE4m9C+pEszUNW4qa3A5mychhCWBvvoDolZKWk2yxhZvHewgaXXahBcw5ivCXjKYA=="
      },
      "Microsoft.Data.Sqlite": {
        "type": "Transitive",
        "resolved": "10.0.12",
        "contentHash": "xUq9xUc653ue7ac2rMfCaf8UQN+U3zS8poWYlugycpvJllplMM0Mk7v/+MM0CTlu9zGvbGML4BPH8YWhrUOfGw==",
        "dependencies": {
          "Microsoft.Data.Sqlite.Core": "10.0.12",
          "SQLitePCLRaw.bundle_e_sqlite3": "2.1.12",
          "SQLitePCLRaw.core": "2.1.12"
        }
      },
      "Microsoft.Data.Sqlite.Core": {
        "type": "Transitive",
        "resolved": "10.0.12",
        "contentHash": "2aL9eL5HQr0V4b8V909SD+jQAx6qnTTl7sT/v3D8dIvmr2UGdpZIQxqm1pj2Js3e4EYTvpw0oMH7DjapJJuPPw==",
        "dependencies": {
          "SQLitePCLRaw.core": "2.1.12"
        }
      },
      "Microsoft.Extensions.Configuration": {
        "type": "Transitive",
        "resolved": "10.0.10",
        "contentHash": "plJWK2zpWuuyxI8F8s2scx6Je7N1Ajjs6HvYUGKwRnDMWIVIz9FHwAkiT7ASgrvAOd10T0FPVlh9BzAJJME+jg==",
        "dependencies": {
          "Microsoft.Extensions.Configuration.Abstractions": "10.0.10",
          "Microsoft.Extensions.Primitives": "10.0.10"
        }
      },
      "Microsoft.Extensions.Configuration.Abstractions": {
        "type": "Transitive",
        "resolved": "10.0.10",
        "contentHash": "5Vnd2I75DmZCVEjSynIdJ/0EGafgnLQwgR3t2C2/fkjx/nRG+cLwxLLdInoHeCEpkD5K4Ov/g9ZCRYrl4TRsaA==",
        "dependencies": {
          "Microsoft.Extensions.Primitives": "10.0.10"
        }
      },
      "Microsoft.Extensions.Configuration.Binder": {
        "type": "Transitive",
        "resolved": "10.0.10",
        "contentHash": "GqmN2o1CkJvk7uWp+p4CwBYW0w/zfoEbvsiFDbO2G8l1Uz+mrDAbAcZiXhU2lufKPby1cjAUdd5GTWpebYOkOA==",
        "dependencies": {
          "Microsoft.Extensions.Configuration": "10.0.10",
          "Microsoft.Extensions.Configuration.Abstractions": "10.0.10"
        }
      },
      "Microsoft.Extensions.DependencyInjection": {
        "type": "Transitive",
        "resolved": "10.0.10",
        "contentHash": "ANyvsgkNBRvcJh2XLgn8veGmajf+8m0AbKK+HPWdRL1yraSNVVSmQhFntLtdz/C795jxqqup+k05cs/3jZQPOA==",
        "dependencies": {
          "Microsoft.Extensions.DependencyInjection.Abstractions": "10.0.10"
        }
      },
      "Microsoft.Extensions.DependencyInjection.Abstractions": {
        "type": "Transitive",
        "resolved": "10.0.10",
        "contentHash": "z/2xXlFw2aLGjHyEm6E0tQ+In6VfzQzTrtArbQ2c0TQE16ZbyDCMGPvaUT9I0s8rgy9sRWlU2P9waW37qV04qA=="
      },
      "Microsoft.Extensions.Logging": {
        "type": "Transitive",
        "resolved": "10.0.10",
        "contentHash": "Tf6z5HsL0VDYRTfvsoNrTGHGheCwkTsZBA2FFh5ATJUbkAwug+FFNISJK2gjpUNemlAOoWllAK52HOWCjto3EQ==",
        "dependencies": {
          "Microsoft.Extensions.DependencyInjection": "10.0.10",
          "Microsoft.Extensions.Logging.Abstractions": "10.0.10",
          "Microsoft.Extensions.Options": "10.0.10"
        }
      },
      "Microsoft.Extensions.Logging.Abstractions": {
        "type": "Transitive",
        "resolved": "10.0.10",
        "contentHash": "zkFxGYUvdxAvIKTyXHrmW+Sux53D4SezD9dMyZ6hrwwzPQJNuwCRy1f5W7AvYTqacEGhWF2XderRQG1OvbV8og==",
        "dependencies": {
          "Microsoft.Extensions.DependencyInjection.Abstractions": "10.0.10"
        }
      },
      "Microsoft.Extensions.Logging.Configuration": {
        "type": "Transitive",
        "resolved": "10.0.10",
        "contentHash": "cLrqxkuEfcilZ8SjK+9KAnpLk9lOoMPaOokF+wRUYie+iUEcdX4/p/+gJkt0BYgWLthjpBUCkVTBI6Kxg0nsOw==",
        "dependencies": {
          "Microsoft.Extensions.Configuration": "10.0.10",
          "Microsoft.Extensions.Configuration.Abstractions": "10.0.10",
          "Microsoft.Extensions.Configuration.Binder": "10.0.10",
          "Microsoft.Extensions.DependencyInjection.Abstractions": "10.0.10",
          "Microsoft.Extensions.Logging": "10.0.10",
          "Microsoft.Extensions.Logging.Abstractions": "10.0.10",
          "Microsoft.Extensions.Options": "10.0.10",
          "Microsoft.Extensions.Options.ConfigurationExtensions": "10.0.10"
        }
      },
      "Microsoft.Extensions.Options": {
        "type": "Transitive",
        "resolved": "10.0.10",
        "contentHash": "srnhnk7nE8krBiIXp71LvBmKBtraBONWSRzdjJgRv1Ko9Mp8IVNqv4vIS9hGeVteBig8aQkva9ZG+sC+o5sVcA==",
        "dependencies": {
          "Microsoft.Extensions.DependencyInjection.Abstractions": "10.0.10",
          "Microsoft.Extensions.Primitives": "10.0.10"
        }
      },
      "Microsoft.Extensions.Options.ConfigurationExtensions": {
        "type": "Transitive",
        "resolved": "10.0.10",
        "contentHash": "tnBmu/LwF25ZQK+HBNCu2xrwnkKoB/XEbJyooGGoYxHrhvxbSKi7eOFiJ4AXBy/QU4vtCvCJfoi8k9Ej72qzOQ==",
        "dependencies": {
          "Microsoft.Extensions.Configuration.Abstractions": "10.0.10",
          "Microsoft.Extensions.Configuration.Binder": "10.0.10",
          "Microsoft.Extensions.DependencyInjection.Abstractions": "10.0.10",
          "Microsoft.Extensions.Options": "10.0.10",
          "Microsoft.Extensions.Primitives": "10.0.10"
        }
      },
      "Microsoft.Extensions.Primitives": {
        "type": "Transitive",
        "resolved": "10.0.10",
        "contentHash": "5wu/GrYVd8mG2DVUw3vFJzF+O336TyTGg/Kmcgw9bfwYhCoFiV5lR5QeEmKecJyrW4W54nMfD3p3589E8a7czQ=="
      },
      "Microsoft.Windows.CsWin32": {
        "type": "Transitive",
        "resolved": "0.3.106",
        "contentHash": "Mx5fK7uN6fwLR4wUghs6//HonAnwPBNmC2oonyJVhCUlHS/r6SUS3NkBc3+gaQiv+0/9bqdj1oSCKQFkNI+21Q==",
        "dependencies": {
          "Microsoft.Windows.SDK.Win32Docs": "0.1.42-alpha",
          "Microsoft.Windows.SDK.Win32Metadata": "60.0.34-preview",
          "Microsoft.Windows.WDK.Win32Metadata": "0.11.4-experimental"
        }
      },
      "Microsoft.Windows.SDK.Win32Docs": {
        "type": "Transitive",
        "resolved": "0.1.42-alpha",
        "contentHash": "Z/9po23gUA9aoukirh2ItMU2ZS9++Js9Gdds9fu5yuMojDrmArvY2y+tq9985tR3cxFxpZO1O35Wjfo0khj5HA=="
      },
      "Microsoft.Windows.SDK.Win32Metadata": {
        "type": "Transitive",
        "resolved": "60.0.34-preview",
        "contentHash": "TA3DUNi4CTeo+ItTXBnGZFt2159XOGSl0UOlG5vjDj4WHqZjhwYyyUnzOtrbCERiSaP2Hzg7otJNWwOSZgutyA=="
      },
      "Microsoft.Windows.WDK.Win32Metadata": {
        "type": "Transitive",
        "resolved": "0.11.4-experimental",
        "contentHash": "bf5MCmUyZf0gBlYQjx9UpRAZWBkRndyt9XicR+UNLvAUAFTZQbu6YaX/sNKZlR98Grn0gydfh/yT4I3vc0AIQA==",
        "dependencies": {
          "Microsoft.Windows.SDK.Win32Metadata": "60.0.34-preview"
        }
      },
      "Newtonsoft.Json": {
        "type": "Transitive",
        "resolved": "13.0.3",
        "contentHash": "HrC5BXdl00IP9zeV+0Z848QWPAoCr9P3bDEZguI+gkLcBKAOxix/tLEAAHC+UvDNPv4a2d18lOReHMOagPa+zQ=="
      },
      "SkiaSharp": {
        "type": "Transitive",
        "resolved": "3.119.2",
        "contentHash": "nmy2dOFWPvQKMglfpjz8+/xQQcSrL9jzul3cUyzCJVSwrmSAw+6B1sEgU7jt6NZBptwGq2k/V0kjyu2GizMFtg==",
        "dependencies": {
          "SkiaSharp.NativeAssets.Win32": "3.119.2",
          "SkiaSharp.NativeAssets.macOS": "3.119.2"
        }
      },
      "SkiaSharp.NativeAssets.macOS": {
        "type": "Transitive",
        "resolved": "3.119.2",
        "contentHash": "I2jMGQ/26KOnc6iAoR+Mxh9vSJJ2vioJyj9aJ9OL5yEZyXothXJxf4vBMqnSaiXMqiiU1scG7KqtT0CLkmMmWA=="
      },
      "SkiaSharp.NativeAssets.WebAssembly": {
        "type": "Transitive",
        "resolved": "3.119.2",
        "contentHash": "MfhqWzQxd/VdPRTjDcPYnTImDauGq2ZO7yRxMWI7MClrkMs0bI5+EGLRH3kjFIMsH79AGVCa7HPdzfXfogfaKQ=="
      },
      "SkiaSharp.NativeAssets.Win32": {
        "type": "Transitive",
        "resolved": "3.119.2",
        "contentHash": "uYe+da6+GXVgPKkCopzvIZ83DmC8SXXKeUAPrNcztJNsg0SjPQAxfKMOPZqmVjbzznrq/QUIjLUlJSZV/e0IPA=="
      },
      "SkiaSharp.Resources": {
        "type": "Transitive",
        "resolved": "3.119.2",
        "contentHash": "pEJEniUrz2qf5tNurl7yzsONvRSiMqtLHEl6LdqlZeZWCb7UkG6X7BSBqvSJDARX6LIVAdohvzVHE5uL0jC37A==",
        "dependencies": {
          "SkiaSharp": "3.119.2"
        }
      },
      "SkiaSharp.SceneGraph": {
        "type": "Transitive",
        "resolved": "3.119.2",
        "contentHash": "t8N4uqG5wnNjfQ/YY5nQ0LVUH5IGesQTct1Inum8najigsnu+WyGTNPd25ocQcWCaVxzA3q1srNqPL453vXSnw==",
        "dependencies": {
          "SkiaSharp": "3.119.2"
        }
      },
      "SQLitePCLRaw.bundle_e_sqlite3": {
        "type": "Transitive",
        "resolved": "2.1.12",
        "contentHash": "mAgscpQMLw5/nfA1Q5oJVAT29yROUo1ifZGbbTpx/lwZpSxMUGoYbKfmvdm8oXER+RzxqBmmQzeBEVKfeHv2nw==",
        "dependencies": {
          "SQLitePCLRaw.lib.e_sqlite3": "2.1.12",
          "SQLitePCLRaw.provider.e_sqlite3": "2.1.12"
        }
      },
      "SQLitePCLRaw.core": {
        "type": "Transitive",
        "resolved": "2.1.12",
        "contentHash": "ETpNw9DY3ckWLgRRAeCHj+GKOuPi61aeczkXhgHexUvqoZBAYg8RYESE2J7O1M7+o6QbdSEZwrw9bfqztUVWXg=="
      },
      "SQLitePCLRaw.lib.e_sqlite3": {
        "type": "Transitive",
        "resolved": "2.1.12",
        "contentHash": "fWi8Dbknuhgg72fWinIdjXVaqO1hHL4YBBwVLnr7e1c9TAZwJ0QE38j9syW1hwx6HaqEVTwI+O07WPdZn8Rp0w=="
      },
      "SQLitePCLRaw.provider.e_sqlite3": {
        "type": "Transitive",
        "resolved": "2.1.12",
        "contentHash": "W3oH4XIfCzFrgUSDKHhN6N+dgzA5YHOR2VxX8GB6Qy7CyrJJgxPEG8NirgYWlPQC5P2jz2knSsexWu4tDUL33g==",
        "dependencies": {
          "SQLitePCLRaw.core": "2.1.12"
        }
      },
      "System.Json": {
        "type": "Transitive",
        "resolved": "4.7.1",
        "contentHash": "XymImdgljgVEkd9trFSKWlNJac1Hr+L9lwFLQSUUQfFMkm88AHI6DINAMhpoiUWQIPLIqEjR702eydUb4Qb3Ng=="
      },
      "Tmds.DBus.Generator": {
        "type": "Transitive",
        "resolved": "0.92.0",
        "contentHash": "fsxJjegaS65KdGcTnjg013fxvAClcGby/Jp1HfKr/tPKCkZ0os7ML4X1KDBi8dfIsxEgM8zVhP72iHehliu0tA=="
      },
      "Tmds.DBus.Protocol": {
        "type": "Transitive",
        "resolved": "0.92.0",
        "contentHash": "h7IMakm0PF2jxiagoysoAjrzzLQ0UBdnSXQL5kb17YW0Fvyo12Tg96A99QkzwktWRrd7H+Uw9EzjasNLUfGYlA=="
      },
      "Uno.Core.Extensions.Collections": {
        "type": "Transitive",
        "resolved": "4.0.1",
        "contentHash": "MvwbLiM1DvwTDtgkUZMcqg4/YbkHLIdx1NX1j3rZzFn6XKpZj1yx+oUYwJYtxKtmZ2qOh/f5SApiiRaRPFHgVQ==",
        "dependencies": {
          "Uno.Core.Extensions.Disposables": "4.0.1",
          "Uno.Core.Extensions.Equality": "4.0.1"
        }
      },
      "Uno.Core.Extensions.Disposables": {
        "type": "Transitive",
        "resolved": "4.0.1",
        "contentHash": "zwyHrTi1F4QARrYElAVmXbyeMssh47clUwKncI1xRhUsM+Wl8+2uVP36ZH+GzYmRJbotTFmP6D7kcGjJE0pMGw=="
      },
      "Uno.Core.Extensions.Equality": {
        "type": "Transitive",
        "resolved": "4.0.1",
        "contentHash": "nuHZsqZJ1MlUMNY0Ju7ZxNvg8kKkAzE0H0XGw2bc7Z5DNyuG4NiBxlA/3CSSk6Y6pmPg2kfRaIs4ai+Wz9Lp+g=="
      },
      "Uno.Core.Extensions.Logging": {
        "type": "Transitive",
        "resolved": "4.0.1",
        "contentHash": "f4nnnXbdiJWKKOfo1uJnZcAl36GvTuuuyG80VKA5nfKB7UpBMU1d/lB70TcOYESSBpT17xowmwcyB8hb6+i9ZA==",
        "dependencies": {
          "Microsoft.Extensions.Logging": "5.0.0"
        }
      },
      "Uno.Core.Extensions.Logging.Singleton": {
        "type": "Transitive",
        "resolved": "4.1.1",
        "contentHash": "P+MQuWFpfDzKNs4UMqQp0WxBGl2MAsxUZrWbdC6rFUWs1ZLCH8B8u8nbIloTnMniPOut3YYdTQHPNLhhTUYrzg==",
        "dependencies": {
          "CommonServiceLocator": "2.0.5",
          "Microsoft.Extensions.Logging": "5.0.0"
        }
      },
      "Uno.Diagnostics.Eventing": {
        "type": "Transitive",
        "resolved": "2.0.1",
        "contentHash": "Hd03em+Bga+w+ljCtiyc+713PQDtCB0Qkw3sBggvXXdDB2URwEc3N4TnM3vFeXpmHHZGM7dN7D8qxfiGoEEHzw=="
      },
      "Uno.Fonts.Fluent": {
        "type": "Transitive",
        "resolved": "2.6.1",
        "contentHash": "mV1JWlpU9e6uWf/hamfTv+ysSRlRjjao1WtewGUtFz2/tB83C5h10gZReiWX4ZQXG2P0bgI/yx1ZxPYfiM3Hcg=="
      },
      "Uno.Fonts.Roboto": {
        "type": "Transitive",
        "resolved": "2.2.2",
        "contentHash": "ZwpuV0++EPb7qAZuk8rj9fB4DR8FjeAcjug/JRYYf45p2tep6yb2GGxhU0yMGG+57Dtjavomq+abOXetSKEKvw=="
      },
      "Uno.Foundation": {
        "type": "Transitive",
        "resolved": "6.6.184",
        "contentHash": "a3ongVs6fqTCGLUBVPFOAqZyKwwit5sXk7Poeu0Hb5xVICxbmeYVN8uFURUMgWY/9m5Xns9rxgAS5k170JEk/Q=="
      },
      "Uno.Foundation.Logging": {
        "type": "Transitive",
        "resolved": "6.6.184",
        "contentHash": "Zn22Y5xKecK6UfQZ7Yjqn6u/eMugqZKWtsQEqKfzSD6yrhqrAktKOZEQaQ8IsUH3zwN+6PQGJUg1WKDgFvZRaw=="
      },
      "Uno.icu-macos": {
        "type": "Transitive",
        "resolved": "77.2.1",
        "contentHash": "/jskLmT20cMb89KCsFHciu+uDwxXYKw8aN2DXUrygaLBu1ET8PWfui7L1qQmYUt4miW3nOZ3Lq8xVZp6JInFmg=="
      },
      "Uno.icu-win": {
        "type": "Transitive",
        "resolved": "77.2.1",
        "contentHash": "reX+bJsM3afM8Sol2EGUgHBtEXgynmUsiwTYBhqeqwpc0Y2ARoRhx8Qxcs8H9/gitOOCPV4V5P3FODg4BKDenw=="
      },
      "Uno.Themes.WinUI": {
        "type": "Transitive",
        "resolved": "7.0.3",
        "contentHash": "vd3t8FPh51QtojRfk9Bu5lGsz0YngjQysebrgmYKp/YTJRGJsHgvbRrNrpGsl92y5bX0h4HLjPjlv52ow3QFhg==",
        "dependencies": {
          "Uno.Core.Extensions.Disposables": "4.0.1",
          "Uno.Core.Extensions.Logging.Singleton": "4.0.1",
          "Uno.Fonts.Roboto": "2.2.2",
          "Uno.WinUI": "6.4.229"
        }
      },
      "Uno.Toolkit": {
        "type": "Transitive",
        "resolved": "9.0.3",
        "contentHash": "TOaKSXRif2TMXKe8xg7Y0WQtEaVj3oLZiURbXX2kCdhh8QvHMjN0hjWzKA733Nb0hzmjEqpMTz2zTnZGen9+vg=="
      },
      "Uno.Toolkit.WinUI": {
        "type": "Transitive",
        "resolved": "9.0.3",
        "contentHash": "ZUJWTTzTwnG1GZahNFTX5Q2ws36VHySTgYL33DCzhrSyCd6pVc/s7xhrwVLA4NokMMY+UczqxkuLYO3nhSa98w==",
        "dependencies": {
          "Uno.Core.Extensions.Collections": "4.0.1",
          "Uno.Core.Extensions.Logging": "4.0.1",
          "Uno.Core.Extensions.Logging.Singleton": "4.1.1",
          "Uno.Toolkit": "9.0.3",
          "Uno.WinUI": "6.5.153"
        }
      },
      "Uno.Wasm.WebSockets": {
        "type": "Transitive",
        "resolved": "1.1.0",
        "contentHash": "U2d297Z/CxP0GZ3mYCu8kdKzO7PKw5lE7j+gwgXAZS1OlZiWS9EoiBbpUmr/0nSH6wPqClMbtGi6LLs0jslOog=="
      },
      "Uno.WinRT": {
        "type": "Transitive",
        "resolved": "6.6.184",
        "contentHash": "fhKIbzDeg0H4AYz81788LNAZKcvLZ/pucwdXTnqVe66+cNs2VOb0ZHw/4hBbKPq5FplfTqITfSH/WEkHQ8g1rA==",
        "dependencies": {
          "Uno.Foundation": "6.6.184"
        }
      },
      "Uno.WinUI.DevServer.Messaging": {
        "type": "Transitive",
        "resolved": "6.6.184",
        "contentHash": "56ayMJoEZ7bSwnNOmTm4wi0StN2lu6lqtcLOxQPd4gRFq+4qI9RDx1iFhWaggb1jKUmQ49qjHakeW45Exl+koA==",
        "dependencies": {
          "Newtonsoft.Json": "13.0.3"
        }
      },
      "Uno.WinUI.Runtime.Skia": {
        "type": "Transitive",
        "resolved": "6.6.184",
        "contentHash": "p4nENuMHyiFMXENz0VgA6qTjbWU8jQ7P7ZCY9IJkTyBGpippeDbENVesYFZ7CR6rc7kzhlxa63XlXlbbaqUsYw==",
        "dependencies": {
          "Uno.WinUI": "6.6.184"
        }
      },
      "neuterradise.profiling.protocol": {
        "type": "Project"
      },
      "neuterradise.release.contracts": {
        "type": "Project"
      },
      "neuterradise.runtime": {
        "type": "Project",
        "dependencies": {
          "Microsoft.Data.Sqlite": "[10.0.12, )",
          "Neuterradise.Profiling.Protocol": "[0.0.1, )",
          "Neuterradise.Release.Contracts": "[0.0.1, )",
          "SkiaSharp": "[3.119.2, )"
        }
      }
    },
    "net10.0-desktop1.0/win-x64": {
      "SkiaSharp.NativeAssets.Linux": {
        "type": "Direct",
        "requested": "[3.119.2, )",
        "resolved": "3.119.2",
        "contentHash": "9WzxSyG/s9Id506j0Ht+Bi5ucOpWKPzd1XXr9TD4fuCafHHy2swRSlbZtC3IDQAsvCH63OerkDJajj43uSv5og=="
      },
      "Uno.WinUI.Runtime.Skia.MacOS": {
        "type": "Direct",
        "requested": "[6.6.184, )",
        "resolved": "6.6.184",
        "contentHash": "anNpMwITSrLqMEpN6UOaVI0ZK1O2Nzxqupem2S+mUIq17Q3Laug6AmKFJ7Sd7ZuuLqPw2aHDOHhUelm2EN03DA==",
        "dependencies": {
          "HarfBuzzSharp": "8.3.1.1",
          "HarfBuzzSharp.NativeAssets.macOS": "8.3.1.1",
          "SkiaSharp": "3.119.0",
          "SkiaSharp.NativeAssets.macos": "3.119.0",
          "Uno.WinUI": "6.6.184",
          "Uno.WinUI.Runtime.Skia": "6.6.184",
          "Uno.WinUI.Runtime.Skia.Linux.FrameBuffer": "6.6.184",
          "Uno.icu-macos": "77.2.1"
        }
      },
      "HarfBuzzSharp.NativeAssets.Linux": {
        "type": "Transitive",
        "resolved": "8.3.1.1",
        "contentHash": "3EZ1mpIiKWRLL5hUYA82ZHteeDIVaEA/Z0rA/wU6tjx6crcAkJnBPwDXZugBSfo8+J3EznvRJf49uMsqYfKrHg=="
      },
      "HarfBuzzSharp.NativeAssets.macOS": {
        "type": "Transitive",
        "resolved": "8.3.1.1",
        "contentHash": "jbtCsgftcaFLCA13tVKo5iWdElJScrulLTKJre36O4YQTIlwDtPPqhRZNk+Y0vv4D1gxbscasGRucUDfS44ofQ=="
      },
      "HarfBuzzSharp.NativeAssets.Win32": {
        "type": "Transitive",
        "resolved": "8.3.1.1",
        "contentHash": "UsJtQsfAJoFDZrXc4hCUfRPMqccfKZ0iumJ/upcUjz/cmsTgVFGNEL5yaJWmkqsuFYdMWbj/En5/kS4PFl9hBA=="
      },
      "SkiaSharp.NativeAssets.macOS": {
        "type": "Transitive",
        "resolved": "3.119.2",
        "contentHash": "I2jMGQ/26KOnc6iAoR+Mxh9vSJJ2vioJyj9aJ9OL5yEZyXothXJxf4vBMqnSaiXMqiiU1scG7KqtT0CLkmMmWA=="
      },
      "SkiaSharp.NativeAssets.Win32": {
        "type": "Transitive",
        "resolved": "3.119.2",
        "contentHash": "uYe+da6+GXVgPKkCopzvIZ83DmC8SXXKeUAPrNcztJNsg0SjPQAxfKMOPZqmVjbzznrq/QUIjLUlJSZV/e0IPA=="
      },
      "SQLitePCLRaw.lib.e_sqlite3": {
        "type": "Transitive",
        "resolved": "2.1.12",
        "contentHash": "fWi8Dbknuhgg72fWinIdjXVaqO1hHL4YBBwVLnr7e1c9TAZwJ0QE38j9syW1hwx6HaqEVTwI+O07WPdZn8Rp0w=="
      },
      "Uno.icu-macos": {
        "type": "Transitive",
        "resolved": "77.2.1",
        "contentHash": "/jskLmT20cMb89KCsFHciu+uDwxXYKw8aN2DXUrygaLBu1ET8PWfui7L1qQmYUt4miW3nOZ3Lq8xVZp6JInFmg=="
      },
      "Uno.icu-win": {
        "type": "Transitive",
        "resolved": "77.2.1",
        "contentHash": "reX+bJsM3afM8Sol2EGUgHBtEXgynmUsiwTYBhqeqwpc0Y2ARoRhx8Qxcs8H9/gitOOCPV4V5P3FODg4BKDenw=="
      }
    }
  }
}